{
  "requires": true,
  "lockfileVersion": 1,
  "dependencies": {
    "jquery": {
      "version": "3.4.1",
      "resolved": "https://registry.npmjs.org/jquery/-/jquery-3.4.1.tgz",
      "integrity": "sha512-36+AdBzCL+y6qjw5Tx7HgzeGCzC81MDDgaUP8ld2zhx58HdqXGoBd+tHdrBMiyjGQs0Hxs/MLZTu/eHNJJuWPw=="
    },
    "survey-jquery": {
      "version": "1.7.18",
      "resolved": "https://registry.npmjs.org/survey-jquery/-/survey-jquery-1.7.18.tgz",
      "integrity": "sha512-DjMX9PDEstyGriCde00qUmBzi7MANU5UvBuluuWxEXbd50lIWnNIYAUhxCz8z//Iz1ZhXu2TzJXwPiBN222Trg==",
      "requires": {
        "jquery": ">=1.12.4"
      }
    }
  }
}
